{
  "object": {
    "pins": [
      {
        "package": "PublisherKit",
        "repositoryURL": "https://github.com/ragzy15/PublisherKit",
        "state": {
          "branch": null,
          "revision": "ad211780f0f532a473e3d5d1cef2a2644024d7c4",
          "version": "1.0.0"
        }
      }
    ]
  },
  "version": 1
}
